
Microsoft Visual Studio Solution File, Format Version 12.00
# Visual Studio 15
VisualStudioVersion = 15.0.28307.438
MinimumVisualStudioVersion = 10.0.40219.1
Project("{FAE04EC0-301F-11D3-BF4B-00C04F79EFBC}") = "chunk-file", "chunk-file\chunk-file.csproj", "{F4AEADEC-26E8-4E9D-85CA-A350012D0B83}"
EndProject
Global
	GlobalSection(SolutionConfigurationPlatforms) = preSolution
		Debug|Any CPU = Debug|Any CPU
		Release|Any CPU = Release|Any CPU
	EndGlobalSection
	GlobalSection(ProjectConfigurationPlatforms) = postSolution
		{F4AEADEC-26E8-4E9D-85CA-A350012D0B83}.Debug|Any CPU.ActiveCfg = Debug|Any CPU
		{F4AEADEC-26E8-4E9D-85CA-A350012D0B83}.Debug|Any CPU.Build.0 = Debug|Any CPU
		{F4AEADEC-26E8-4E9D-85CA-A350012D0B83}.Release|Any CPU.ActiveCfg = Release|Any CPU
		{F4AEADEC-26E8-4E9D-85CA-A350012D0B83}.Release|Any CPU.Build.0 = Release|Any CPU
	EndGlobalSection
	GlobalSection(SolutionProperties) = preSolution
		HideSolutionNode = FALSE
	EndGlobalSection
	GlobalSection(ExtensibilityGlobals) = postSolution
		SolutionGuid = {851EB911-B240-479A-BB3F-A235BB80F888}
	EndGlobalSection
EndGlobal
